<?xml version="1.0" encoding="utf-8"?>
<Project ToolsVersion="4.0" xmlns="http://schemas.microsoft.com/developer/msbuild/2003">
  <ItemGroup>
    <Filter Include="Source Files">
      <UniqueIdentifier>{4FC737F1-C7A5-4376-A066-2A32D752A2FF}</UniqueIdentifier>
      <Extensions>cpp;c;cc;cxx;c++;cppm;ixx;def;odl;idl;hpj;bat;asm;asmx</Extensions>
    </Filter>
    <Filter Include="Header Files">
      <UniqueIdentifier>{93995380-89BD-4b04-88EB-625FBE52EBFB}</UniqueIdentifier>
      <Extensions>h;hh;hpp;hxx;h++;hm;inl;inc;ipp;xsd</Extensions>
    </Filter>
    <Filter Include="Resource Files">
      <UniqueIdentifier>{67DA6AB6-F800-4c08-8B7A-83BB121AAD01}</UniqueIdentifier>
      <Extensions>rc;ico;cur;bmp;dlg;rc2;rct;bin;rgs;gif;jpg;jpeg;jpe;resx;tiff;tif;png;wav;mfcribbon-ms</Extensions>
    </Filter>
    <Filter Include="CyNickal Lib">
      <UniqueIdentifier>{ce9a5719-414e-44eb-9bdc-992b64b1fc0f}</UniqueIdentifier>
    </Filter>
    <Filter Include="CyNickal Lib\Console">
      <UniqueIdentifier>{aef39e23-dc71-4be9-bbae-2b99182652a9}</UniqueIdentifier>
    </Filter>
    <Filter Include="CyNickal Lib\PatternScan">
      <UniqueIdentifier>{1392752f-cac8-4962-a637-03d9e38666e6}</UniqueIdentifier>
    </Filter>
    <Filter Include="GameFunctionHooks">
      <UniqueIdentifier>{bd700825-7658-4b4d-95a7-0a51b62c84a7}</UniqueIdentifier>
    </Filter>
    <Filter Include="CheatBase">
      <UniqueIdentifier>{68127f11-8d4d-4dfb-9c5a-ce76c7dd3dcc}</UniqueIdentifier>
    </Filter>
    <Filter Include="CyNickal Lib\PointerDeref">
      <UniqueIdentifier>{16d52d46-c91c-495e-974b-626dbd4c79d4}</UniqueIdentifier>
    </Filter>
    <Filter Include="DirectX Hook">
      <UniqueIdentifier>{5998d47e-8930-4fa7-9a68-a4dec5643a8c}</UniqueIdentifier>
    </Filter>
    <Filter Include="ImGui">
      <UniqueIdentifier>{5beda098-6f7f-49e6-964f-59c7d4435d63}</UniqueIdentifier>
    </Filter>
    <Filter Include="DirectInputHook">
      <UniqueIdentifier>{75ed9cfa-5bc0-4ac4-bb8e-05e6438d1e28}</UniqueIdentifier>
    </Filter>
    <Filter Include="MyImGui">
      <UniqueIdentifier>{f65cb012-6dc9-4f72-a193-6b75bbe2fb60}</UniqueIdentifier>
    </Filter>
    <Filter Include="Starting Thread">
      <UniqueIdentifier>{3af48e40-f25b-4a3b-a40f-d5decdbe2be6}</UniqueIdentifier>
    </Filter>
    <Filter Include="ESP">
      <UniqueIdentifier>{15fbd865-c6db-4b5e-b01f-9c1baa716aef}</UniqueIdentifier>
    </Filter>
    <Filter Include="Cheat Headers">
      <UniqueIdentifier>{557eea66-fcb7-42e9-bc9b-a1fa00d37b11}</UniqueIdentifier>
    </Filter>
    <Filter Include="CheatBase\CheatFeatures">
      <UniqueIdentifier>{4134584b-4a5e-4e42-b9ca-438c3e6c2f68}</UniqueIdentifier>
    </Filter>
    <Filter Include="CheatBase\CheatFeatures\Unbreakable Lockpick">
      <UniqueIdentifier>{be563a7f-2de9-4d25-a356-8724b29133b1}</UniqueIdentifier>
    </Filter>
    <Filter Include="CheatBase\CheatFeatures\TGM">
      <UniqueIdentifier>{cf123466-8767-4620-94ae-3d55b7e697c8}</UniqueIdentifier>
    </Filter>
    <Filter Include="DirectX Hook\Version Check">
      <UniqueIdentifier>{df0a04f4-f26a-4f2f-81f1-aea05669ef2f}</UniqueIdentifier>
    </Filter>
    <Filter Include="CheatBase\CheatFeatures\SpeedHack">
      <UniqueIdentifier>{4a63cb3e-e8e4-4556-a7b8-86f9ae12034f}</UniqueIdentifier>
    </Filter>
  </ItemGroup>
  <ItemGroup>
    <ClInclude Include="pch.h">
      <Filter>Header Files</Filter>
    </ClInclude>
    <ClInclude Include="Console.h">
      <Filter>CyNickal Lib\Console</Filter>
    </ClInclude>
    <ClInclude Include="PatternScan.h">
      <Filter>CyNickal Lib\PatternScan</Filter>
    </ClInclude>
    <ClInclude Include="Globals.h">
      <Filter>Header Files</Filter>
    </ClInclude>
    <ClInclude Include="GameFunctionHooks.h">
      <Filter>GameFunctionHooks</Filter>
    </ClInclude>
    <ClInclude Include="CheatBase.h">
      <Filter>CheatBase</Filter>
    </ClInclude>
    <ClInclude Include="PointerDeref.h">
      <Filter>CyNickal Lib\PointerDeref</Filter>
    </ClInclude>
    <ClInclude Include="Vector.h">
      <Filter>Header Files</Filter>
    </ClInclude>
    <ClInclude Include="DirectXHook.h">
      <Filter>DirectX Hook</Filter>
    </ClInclude>
    <ClInclude Include="Deps\ImGui\imconfig.h">
      <Filter>ImGui</Filter>
    </ClInclude>
    <ClInclude Include="Deps\ImGui\imgui.h">
      <Filter>ImGui</Filter>
    </ClInclude>
    <ClInclude Include="Deps\ImGui\imgui_impl_dx11.h">
      <Filter>ImGui</Filter>
    </ClInclude>
    <ClInclude Include="Deps\ImGui\imgui_impl_win32.h">
      <Filter>ImGui</Filter>
    </ClInclude>
    <ClInclude Include="Deps\ImGui\imgui_internal.h">
      <Filter>ImGui</Filter>
    </ClInclude>
    <ClInclude Include="Deps\ImGui\imstb_rectpack.h">
      <Filter>ImGui</Filter>
    </ClInclude>
    <ClInclude Include="Deps\ImGui\imstb_textedit.h">
      <Filter>ImGui</Filter>
    </ClInclude>
    <ClInclude Include="Deps\ImGui\imstb_truetype.h">
      <Filter>ImGui</Filter>
    </ClInclude>
    <ClInclude Include="DirectInputHook.h">
      <Filter>DirectInputHook</Filter>
    </ClInclude>
    <ClInclude Include="MyImGui.h">
      <Filter>MyImGui</Filter>
    </ClInclude>
    <ClInclude Include="StartingThread.h">
      <Filter>Starting Thread</Filter>
    </ClInclude>
    <ClInclude Include="ESP.h">
      <Filter>ESP</Filter>
    </ClInclude>
    <ClInclude Include="Reclass.h">
      <Filter>Cheat Headers</Filter>
    </ClInclude>
    <ClInclude Include="Signatures.h">
      <Filter>Cheat Headers</Filter>
    </ClInclude>
    <ClInclude Include="Offsets.h">
      <Filter>Cheat Headers</Filter>
    </ClInclude>
    <ClInclude Include="UnbreakableLockpick.h">
      <Filter>CheatBase\CheatFeatures\Unbreakable Lockpick</Filter>
    </ClInclude>
    <ClInclude Include="TGM.h">
      <Filter>CheatBase\CheatFeatures\TGM</Filter>
    </ClInclude>
    <ClInclude Include="VersionCheck.h">
      <Filter>DirectX Hook\Version Check</Filter>
    </ClInclude>
    <ClInclude Include="SpeedHack.h">
      <Filter>CheatBase\CheatFeatures\SpeedHack</Filter>
    </ClInclude>
  </ItemGroup>
  <ItemGroup>
    <ClCompile Include="dllmain.cpp">
      <Filter>Source Files</Filter>
    </ClCompile>
    <ClCompile Include="pch.cpp">
      <Filter>Source Files</Filter>
    </ClCompile>
    <ClCompile Include="Console.cpp">
      <Filter>CyNickal Lib\Console</Filter>
    </ClCompile>
    <ClCompile Include="PatternScan.cpp">
      <Filter>CyNickal Lib\PatternScan</Filter>
    </ClCompile>
    <ClCompile Include="GameFunctionHooks.cpp">
      <Filter>GameFunctionHooks</Filter>
    </ClCompile>
    <ClCompile Include="CheatBase.cpp">
      <Filter>CheatBase</Filter>
    </ClCompile>
    <ClCompile Include="PointerDeref.cpp">
      <Filter>CyNickal Lib\PointerDeref</Filter>
    </ClCompile>
    <ClCompile Include="DirectXHook.cpp">
      <Filter>DirectX Hook</Filter>
    </ClCompile>
    <ClCompile Include="Deps\ImGui\imgui.cpp">
      <Filter>ImGui</Filter>
    </ClCompile>
    <ClCompile Include="Deps\ImGui\imgui_demo.cpp">
      <Filter>ImGui</Filter>
    </ClCompile>
    <ClCompile Include="Deps\ImGui\imgui_draw.cpp">
      <Filter>ImGui</Filter>
    </ClCompile>
    <ClCompile Include="Deps\ImGui\imgui_impl_dx11.cpp">
      <Filter>ImGui</Filter>
    </ClCompile>
    <ClCompile Include="Deps\ImGui\imgui_impl_win32.cpp">
      <Filter>ImGui</Filter>
    </ClCompile>
    <ClCompile Include="Deps\ImGui\imgui_tables.cpp">
      <Filter>ImGui</Filter>
    </ClCompile>
    <ClCompile Include="Deps\ImGui\imgui_widgets.cpp">
      <Filter>ImGui</Filter>
    </ClCompile>
    <ClCompile Include="DirectInputHook.cpp">
      <Filter>DirectInputHook</Filter>
    </ClCompile>
    <ClCompile Include="MyImGui.cpp">
      <Filter>MyImGui</Filter>
    </ClCompile>
    <ClCompile Include="StartingThread.cpp">
      <Filter>Starting Thread</Filter>
    </ClCompile>
    <ClCompile Include="ESP.cpp">
      <Filter>ESP</Filter>
    </ClCompile>
    <ClCompile Include="UnbreakableLockpick.cpp">
      <Filter>CheatBase\CheatFeatures\Unbreakable Lockpick</Filter>
    </ClCompile>
    <ClCompile Include="TGM.cpp">
      <Filter>CheatBase\CheatFeatures\TGM</Filter>
    </ClCompile>
    <ClCompile Include="VersionCheck.cpp">
      <Filter>DirectX Hook\Version Check</Filter>
    </ClCompile>
    <ClCompile Include="SpeedHack.cpp">
      <Filter>CheatBase\CheatFeatures\SpeedHack</Filter>
    </ClCompile>
  </ItemGroup>
  <ItemGroup>
    <None Include="TODO.text" />
  </ItemGroup>
</Project>